
Microsoft Visual Studio Solution File, Format Version 12.00
# Visual Studio Version 16
VisualStudioVersion = 16.0.31424.327
MinimumVisualStudioVersion = 10.0.40219.1
Project("{FAE04EC0-301F-11D3-BF4B-00C04F79EFBC}") = "SeeSharpNine", "SeeSharpNine.csproj", "{64C15D1E-4057-41F9-8091-870F1624C319}"
EndProject
Global
	GlobalSection(SolutionConfigurationPlatforms) = preSolution
		Debug|Any CPU = Debug|Any CPU
		Release|Any CPU = Release|Any CPU
	EndGlobalSection
	GlobalSection(ProjectConfigurationPlatforms) = postSolution
		{64C15D1E-4057-41F9-8091-870F1624C319}.Debug|Any CPU.ActiveCfg = Debug|Any CPU
		{64C15D1E-4057-41F9-8091-870F1624C319}.Debug|Any CPU.Build.0 = Debug|Any CPU
		{64C15D1E-4057-41F9-8091-870F1624C319}.Release|Any CPU.ActiveCfg = Release|Any CPU
		{64C15D1E-4057-41F9-8091-870F1624C319}.Release|Any CPU.Build.0 = Release|Any CPU
	EndGlobalSection
	GlobalSection(SolutionProperties) = preSolution
		HideSolutionNode = FALSE
	EndGlobalSection
	GlobalSection(ExtensibilityGlobals) = postSolution
		SolutionGuid = {C6D5AEE3-9E31-466A-85BC-5150FCF156C6}
	EndGlobalSection
EndGlobal
